
Microsoft Visual Studio Solution File, Format Version 12.00
# Visual Studio Version 16
VisualStudioVersion = 16.0.29911.84
MinimumVisualStudioVersion = 10.0.40219.1
Project("{FAE04EC0-301F-11D3-BF4B-00C04F79EFBC}") = "CleanGFC", "CleanGFC\CleanGFC.csproj", "{2D253DC5-1939-4ADE-B9CA-7E61F21C74BB}"
EndProject
Global
	GlobalSection(SolutionConfigurationPlatforms) = preSolution
		Debug|Any CPU = Debug|Any CPU
		Release|Any CPU = Release|Any CPU
	EndGlobalSection
	GlobalSection(ProjectConfigurationPlatforms) = postSolution
		{2D253DC5-1939-4ADE-B9CA-7E61F21C74BB}.Debug|Any CPU.ActiveCfg = Debug|Any CPU
		{2D253DC5-1939-4ADE-B9CA-7E61F21C74BB}.Debug|Any CPU.Build.0 = Debug|Any CPU
		{2D253DC5-1939-4ADE-B9CA-7E61F21C74BB}.Release|Any CPU.ActiveCfg = Release|Any CPU
		{2D253DC5-1939-4ADE-B9CA-7E61F21C74BB}.Release|Any CPU.Build.0 = Release|Any CPU
	EndGlobalSection
	GlobalSection(SolutionProperties) = preSolution
		HideSolutionNode = FALSE
	EndGlobalSection
	GlobalSection(ExtensibilityGlobals) = postSolution
		SolutionGuid = {10D71FB6-92D5-457D-8EA7-AD16FF0D7459}
	EndGlobalSection
EndGlobal
